{
    "_meta": {
        "hash": {
            "sha256": "1754aca7ba0bbf85bea50b7519b1b7aac3931a6a6889e6bec00bfaf3841888b8"
        },
        "pipfile-spec": 6,
        "requires": {
            "python_version": "3.7"
        },
        "sources": [
            {
                "name": "pypi",
                "url": "https://pypi.org/simple",
                "verify_ssl": true
            }
        ]
    },
    "default": {},
    "develop": {
        "pysnooper": {
            "hashes": [
                "sha256:7d7684d9d5cf1d026bba6a52e87009eab9458d3265b13059ab1abaea7eee6c93",
                "sha256:85892ef6f4009af7d729e73c7b9e4071a16d5063b1ac9340741c5f192501441b"
            ],
            "index": "pypi",
            "version": "==0.3.0"
        }
    }
}
